
Microsoft Visual Studio Solution File, Format Version 12.00
# Visual Studio Version 17
VisualStudioVersion = 17.12.35527.113
MinimumVisualStudioVersion = 10.0.40219.1
Project("{FAE04EC0-301F-11D3-BF4B-00C04F79EFBC}") = "ExploreGetRssFeed", "ExploreGetRssFeed\ExploreGetRssFeed.csproj", "{31ED500F-94BE-41AA-AFF0-47CE742D8DEB}"
EndProject
Project("{2150E333-8FDC-42A3-9474-1A3956D46DE8}") = "Solution Items", "Solution Items", "{6AB371F0-E56C-405C-A90A-47ABBE2CDEBF}"
	ProjectSection(SolutionItems) = preProject
		.gitattributes = .gitattributes
		.gitignore = .gitignore
		.github\workflows\build.yml = .github\workflows\build.yml
		README.md = README.md
		.github\workflows\test.yml = .github\workflows\test.yml
	EndProjectSection
EndProject
Project("{FAE04EC0-301F-11D3-BF4B-00C04F79EFBC}") = "ExploreGetRssFeed.Tests", "ExploreGetRssFeed.Tests\ExploreGetRssFeed.Tests.csproj", "{5A29CF00-8AA7-4A59-B764-7DA3B652A6C3}"
EndProject
Global
	GlobalSection(SolutionConfigurationPlatforms) = preSolution
		Debug|Any CPU = Debug|Any CPU
		Release|Any CPU = Release|Any CPU
	EndGlobalSection
	GlobalSection(ProjectConfigurationPlatforms) = postSolution
		{31ED500F-94BE-41AA-AFF0-47CE742D8DEB}.Debug|Any CPU.ActiveCfg = Debug|Any CPU
		{31ED500F-94BE-41AA-AFF0-47CE742D8DEB}.Debug|Any CPU.Build.0 = Debug|Any CPU
		{31ED500F-94BE-41AA-AFF0-47CE742D8DEB}.Release|Any CPU.ActiveCfg = Release|Any CPU
		{31ED500F-94BE-41AA-AFF0-47CE742D8DEB}.Release|Any CPU.Build.0 = Release|Any CPU
		{5A29CF00-8AA7-4A59-B764-7DA3B652A6C3}.Debug|Any CPU.ActiveCfg = Debug|Any CPU
		{5A29CF00-8AA7-4A59-B764-7DA3B652A6C3}.Debug|Any CPU.Build.0 = Debug|Any CPU
		{5A29CF00-8AA7-4A59-B764-7DA3B652A6C3}.Release|Any CPU.ActiveCfg = Release|Any CPU
		{5A29CF00-8AA7-4A59-B764-7DA3B652A6C3}.Release|Any CPU.Build.0 = Release|Any CPU
	EndGlobalSection
	GlobalSection(SolutionProperties) = preSolution
		HideSolutionNode = FALSE
	EndGlobalSection
EndGlobal
